{
  "pins" : [
    {
      "identity" : "grdb.swift",
      "kind" : "remoteSourceControl",
      "location" : "https://github.com/groue/GRDB.swift.git",
      "state" : {
        "revision" : "78448cf8f4ed39b259bd6718d074a57ae3b2e8ba",
        "version" : "6.28.0"
      }
    }
  ],
  "version" : 2
}
